
Microsoft Visual Studio Solution File, Format Version 12.00
# Visual Studio Version 17
VisualStudioVersion = 17.9.34607.119
MinimumVisualStudioVersion = 10.0.40219.1
Project("{FAE04EC0-301F-11D3-BF4B-00C04F79EFBC}") = "Producer", "Producer\Producer.csproj", "{A30EB747-7AB8-42B1-9A78-27C8EEF0C14D}"
EndProject
Project("{FAE04EC0-301F-11D3-BF4B-00C04F79EFBC}") = "Consumer", "Consumer\Consumer.csproj", "{EF661BA6-28A5-4B00-BD90-DB569C33D8AA}"
EndProject
Project("{2150E333-8FDC-42A3-9474-1A3956D46DE8}") = "Sample2", "Sample2", "{366DD4A9-4AA6-4323-AC37-5046F3F457A5}"
EndProject
Project("{FAE04EC0-301F-11D3-BF4B-00C04F79EFBC}") = "Core", "Core\Core.csproj", "{BCF45884-8E96-49BC-BEEB-DABCB2E9F849}"
EndProject
Project("{2150E333-8FDC-42A3-9474-1A3956D46DE8}") = "Sample1", "Sample1", "{53B47DE3-2137-44A9-B5B5-8E7CDF16F1B4}"
EndProject
Project("{FAE04EC0-301F-11D3-BF4B-00C04F79EFBC}") = "GatewayApi", "GatewayApi\GatewayApi.csproj", "{8EA77471-2EF5-4785-B5E2-6B03DD519B7C}"
EndProject
Project("{FAE04EC0-301F-11D3-BF4B-00C04F79EFBC}") = "AnotherMicroService", "AnotherMicroService\AnotherMicroService.csproj", "{1F4A4D4C-25D8-4B37-9510-CBC02A73F5A9}"
EndProject
Project("{2150E333-8FDC-42A3-9474-1A3956D46DE8}") = "Consumers", "Consumers", "{3BD15D0F-1DD1-4C5A-88B7-A30B65C8919E}"
EndProject
Project("{2150E333-8FDC-42A3-9474-1A3956D46DE8}") = "Producers", "Producers", "{75D7F7B1-A493-4831-A59D-2E2B18F6CC0F}"
EndProject
Project("{FAE04EC0-301F-11D3-BF4B-00C04F79EFBC}") = "LogConsumerMs", "LogConsumerMs\LogConsumerMs.csproj", "{7AAB7EFA-84D9-4A6B-8E13-769E4F3F8483}"
EndProject
Global
	GlobalSection(SolutionConfigurationPlatforms) = preSolution
		Debug|Any CPU = Debug|Any CPU
		Release|Any CPU = Release|Any CPU
	EndGlobalSection
	GlobalSection(ProjectConfigurationPlatforms) = postSolution
		{A30EB747-7AB8-42B1-9A78-27C8EEF0C14D}.Debug|Any CPU.ActiveCfg = Debug|Any CPU
		{A30EB747-7AB8-42B1-9A78-27C8EEF0C14D}.Debug|Any CPU.Build.0 = Debug|Any CPU
		{A30EB747-7AB8-42B1-9A78-27C8EEF0C14D}.Release|Any CPU.ActiveCfg = Release|Any CPU
		{A30EB747-7AB8-42B1-9A78-27C8EEF0C14D}.Release|Any CPU.Build.0 = Release|Any CPU
		{EF661BA6-28A5-4B00-BD90-DB569C33D8AA}.Debug|Any CPU.ActiveCfg = Debug|Any CPU
		{EF661BA6-28A5-4B00-BD90-DB569C33D8AA}.Debug|Any CPU.Build.0 = Debug|Any CPU
		{EF661BA6-28A5-4B00-BD90-DB569C33D8AA}.Release|Any CPU.ActiveCfg = Release|Any CPU
		{EF661BA6-28A5-4B00-BD90-DB569C33D8AA}.Release|Any CPU.Build.0 = Release|Any CPU
		{BCF45884-8E96-49BC-BEEB-DABCB2E9F849}.Debug|Any CPU.ActiveCfg = Debug|Any CPU
		{BCF45884-8E96-49BC-BEEB-DABCB2E9F849}.Debug|Any CPU.Build.0 = Debug|Any CPU
		{BCF45884-8E96-49BC-BEEB-DABCB2E9F849}.Release|Any CPU.ActiveCfg = Release|Any CPU
		{BCF45884-8E96-49BC-BEEB-DABCB2E9F849}.Release|Any CPU.Build.0 = Release|Any CPU
		{8EA77471-2EF5-4785-B5E2-6B03DD519B7C}.Debug|Any CPU.ActiveCfg = Debug|Any CPU
		{8EA77471-2EF5-4785-B5E2-6B03DD519B7C}.Debug|Any CPU.Build.0 = Debug|Any CPU
		{8EA77471-2EF5-4785-B5E2-6B03DD519B7C}.Release|Any CPU.ActiveCfg = Release|Any CPU
		{8EA77471-2EF5-4785-B5E2-6B03DD519B7C}.Release|Any CPU.Build.0 = Release|Any CPU
		{1F4A4D4C-25D8-4B37-9510-CBC02A73F5A9}.Debug|Any CPU.ActiveCfg = Debug|Any CPU
		{1F4A4D4C-25D8-4B37-9510-CBC02A73F5A9}.Debug|Any CPU.Build.0 = Debug|Any CPU
		{1F4A4D4C-25D8-4B37-9510-CBC02A73F5A9}.Release|Any CPU.ActiveCfg = Release|Any CPU
		{1F4A4D4C-25D8-4B37-9510-CBC02A73F5A9}.Release|Any CPU.Build.0 = Release|Any CPU
		{7AAB7EFA-84D9-4A6B-8E13-769E4F3F8483}.Debug|Any CPU.ActiveCfg = Debug|Any CPU
		{7AAB7EFA-84D9-4A6B-8E13-769E4F3F8483}.Debug|Any CPU.Build.0 = Debug|Any CPU
		{7AAB7EFA-84D9-4A6B-8E13-769E4F3F8483}.Release|Any CPU.ActiveCfg = Release|Any CPU
		{7AAB7EFA-84D9-4A6B-8E13-769E4F3F8483}.Release|Any CPU.Build.0 = Release|Any CPU
	EndGlobalSection
	GlobalSection(SolutionProperties) = preSolution
		HideSolutionNode = FALSE
	EndGlobalSection
	GlobalSection(NestedProjects) = preSolution
		{A30EB747-7AB8-42B1-9A78-27C8EEF0C14D} = {53B47DE3-2137-44A9-B5B5-8E7CDF16F1B4}
		{EF661BA6-28A5-4B00-BD90-DB569C33D8AA} = {53B47DE3-2137-44A9-B5B5-8E7CDF16F1B4}
		{8EA77471-2EF5-4785-B5E2-6B03DD519B7C} = {75D7F7B1-A493-4831-A59D-2E2B18F6CC0F}
		{1F4A4D4C-25D8-4B37-9510-CBC02A73F5A9} = {75D7F7B1-A493-4831-A59D-2E2B18F6CC0F}
		{3BD15D0F-1DD1-4C5A-88B7-A30B65C8919E} = {366DD4A9-4AA6-4323-AC37-5046F3F457A5}
		{75D7F7B1-A493-4831-A59D-2E2B18F6CC0F} = {366DD4A9-4AA6-4323-AC37-5046F3F457A5}
		{7AAB7EFA-84D9-4A6B-8E13-769E4F3F8483} = {3BD15D0F-1DD1-4C5A-88B7-A30B65C8919E}
	EndGlobalSection
	GlobalSection(ExtensibilityGlobals) = postSolution
		SolutionGuid = {BE901638-38A6-4E4D-9CD8-E7730E3D621E}
	EndGlobalSection
EndGlobal
